
Microsoft Visual Studio Solution File, Format Version 12.00
# Visual Studio Version 17
VisualStudioVersion = 17.6.33723.286
MinimumVisualStudioVersion = 10.0.40219.1
Project("{FAE04EC0-301F-11D3-BF4B-00C04F79EFBC}") = "loginproject", "loginproject.csproj", "{9591D60C-2192-47D6-AD4D-B62814EBDD85}"
EndProject
Global
	GlobalSection(SolutionConfigurationPlatforms) = preSolution
		Debug|Any CPU = Debug|Any CPU
		Release|Any CPU = Release|Any CPU
	EndGlobalSection
	GlobalSection(ProjectConfigurationPlatforms) = postSolution
		{9591D60C-2192-47D6-AD4D-B62814EBDD85}.Debug|Any CPU.ActiveCfg = Debug|Any CPU
		{9591D60C-2192-47D6-AD4D-B62814EBDD85}.Debug|Any CPU.Build.0 = Debug|Any CPU
		{9591D60C-2192-47D6-AD4D-B62814EBDD85}.Release|Any CPU.ActiveCfg = Release|Any CPU
		{9591D60C-2192-47D6-AD4D-B62814EBDD85}.Release|Any CPU.Build.0 = Release|Any CPU
	EndGlobalSection
	GlobalSection(SolutionProperties) = preSolution
		HideSolutionNode = FALSE
	EndGlobalSection
	GlobalSection(ExtensibilityGlobals) = postSolution
		SolutionGuid = {CE43B9E8-40C8-4E2D-9845-10BB17C844CC}
	EndGlobalSection
EndGlobal
